
Microsoft Visual Studio Solution File, Format Version 12.00
# Visual Studio Version 17
VisualStudioVersion = 17.13.35913.81 d17.13
MinimumVisualStudioVersion = 10.0.40219.1
Project("{FAE04EC0-301F-11D3-BF4B-00C04F79EFBC}") = "TestProject1", "TestProject1\TestProject1.csproj", "{A1BDB7AB-8BBA-4F86-8E07-B12E714BC9B3}"
EndProject
Global
	GlobalSection(SolutionConfigurationPlatforms) = preSolution
		Debug|Any CPU = Debug|Any CPU
		Release|Any CPU = Release|Any CPU
	EndGlobalSection
	GlobalSection(ProjectConfigurationPlatforms) = postSolution
		{A1BDB7AB-8BBA-4F86-8E07-B12E714BC9B3}.Debug|Any CPU.ActiveCfg = Debug|Any CPU
		{A1BDB7AB-8BBA-4F86-8E07-B12E714BC9B3}.Debug|Any CPU.Build.0 = Debug|Any CPU
		{A1BDB7AB-8BBA-4F86-8E07-B12E714BC9B3}.Release|Any CPU.ActiveCfg = Release|Any CPU
		{A1BDB7AB-8BBA-4F86-8E07-B12E714BC9B3}.Release|Any CPU.Build.0 = Release|Any CPU
	EndGlobalSection
	GlobalSection(SolutionProperties) = preSolution
		HideSolutionNode = FALSE
	EndGlobalSection
	GlobalSection(ExtensibilityGlobals) = postSolution
		SolutionGuid = {8C9CD0F7-7843-4617-89E1-B02FB92EF2F2}
	EndGlobalSection
EndGlobal
